
Microsoft Visual Studio Solution File, Format Version 12.00
# Visual Studio 2012
Project("{FAE04EC0-301F-11D3-BF4B-00C04F79EFBC}") = "SamplePortal", "SamplePortal\SamplePortal.csproj", "{FEC57976-CD2C-40EF-AAD3-B0C773E44732}"
EndProject
Global
	GlobalSection(SolutionConfigurationPlatforms) = preSolution
		Debug|Any CPU = Debug|Any CPU
		Release|Any CPU = Release|Any CPU
	EndGlobalSection
	GlobalSection(ProjectConfigurationPlatforms) = postSolution
		{FEC57976-CD2C-40EF-AAD3-B0C773E44732}.Debug|Any CPU.ActiveCfg = Debug|Any CPU
		{FEC57976-CD2C-40EF-AAD3-B0C773E44732}.Debug|Any CPU.Build.0 = Debug|Any CPU
		{FEC57976-CD2C-40EF-AAD3-B0C773E44732}.Release|Any CPU.ActiveCfg = Release|Any CPU
		{FEC57976-CD2C-40EF-AAD3-B0C773E44732}.Release|Any CPU.Build.0 = Release|Any CPU
	EndGlobalSection
	GlobalSection(SolutionProperties) = preSolution
		HideSolutionNode = FALSE
	EndGlobalSection
EndGlobal
